// !$*UTF8*$!
{
	archiveVersion = 1;
	classes = {
	};
	objectVersion = 56;
	objects = {

/* Begin PBXBuildFile section */
		3DB1B11629FFB0C3008548D4 /* networkingApp.swift in Sources */ = {isa = PBXBuildFile; fileRef = 3DB1B11529FFB0C3008548D4 /* networkingApp.swift */; };
		3DB1B11829FFB0C3008548D4 /* ContentView.swift in Sources */ = {isa = PBXBuildFile; fileRef = 3DB1B11729FFB0C3008548D4 /* ContentView.swift */; };
		3DB1B11A29FFB0C4008548D4 /* Assets.xcassets in Resources */ = {isa = PBXBuildFile; fileRef = 3DB1B11929FFB0C4008548D4 /* Assets.xcassets */; };
		3DB1B11D29FFB0C4008548D4 /* Preview Assets.xcassets in Resources */ = {isa = PBXBuildFile; fileRef = 3DB1B11C29FFB0C4008548D4 /* Preview Assets.xcassets */; };
		3DB1B12729FFB0C4008548D4 /* networkingTests.swift in Sources */ = {isa = PBXBuildFile; fileRef = 3DB1B12629FFB0C4008548D4 /* networkingTests.swift */; };
		3DB1B13129FFB0C4008548D4 /* networkingUITests.swift in Sources */ = {isa = PBXBuildFile; fileRef = 3DB1B13029FFB0C4008548D4 /* networkingUITests.swift */; };
		3DB1B13329FFB0C4008548D4 /* networkingUITestsLaunchTests.swift in Sources */ = {isa = PBXBuildFile; fileRef = 3DB1B13229FFB0C4008548D4 /* networkingUITestsLaunchTests.swift */; };
/* End PBXBuildFile section */

/* Begin PBXContainerItemProxy section */
		3DB1B12329FFB0C4008548D4 /* PBXContainerItemProxy */ = {
			isa = PBXContainerItemProxy;
			containerPortal = 3DB1B10A29FFB0C3008548D4 /* Project object */;
			proxyType = 1;
			remoteGlobalIDString = 3DB1B11129FFB0C3008548D4;
			remoteInfo = networking;
		};
		3DB1B12D29FFB0C4008548D4 /* PBXContainerItemProxy */ = {
			isa = PBXContainerItemProxy;
			containerPortal = 3DB1B10A29FFB0C3008548D4 /* Project object */;
			proxyType = 1;
			remoteGlobalIDString = 3DB1B11129FFB0C3008548D4;
			remoteInfo = networking;
		};
/* End PBXContainerItemProxy section */

/* Begin PBXFileReference section */
		3DB1B11229FFB0C3008548D4 /* networking.app */ = {isa = PBXFileReference; explicitFileType = wrapper.application; includeInIndex = 0; path = networking.app; sourceTree = BUILT_PRODUCTS_DIR; };
		3DB1B11529FFB0C3008548D4 /* networkingApp.swift */ = {isa = PBXFileReference; lastKnownFileType = sourcecode.swift; path = networkingApp.swift; sourceTree = "<group>"; };
		3DB1B11729FFB0C3008548D4 /* ContentView.swift */ = {isa = PBXFileReference; lastKnownFileType = sourcecode.swift; path = ContentView.swift; sourceTree = "<group>"; };
		3DB1B11929FFB0C4008548D4 /* Assets.xcassets */ = {isa = PBXFileReference; lastKnownFileType = folder.assetcatalog; path = Assets.xcassets; sourceTree = "<group>"; };
		3DB1B11C29FFB0C4008548D4 /* Preview Assets.xcassets */ = {isa = PBXFileReference; lastKnownFileType = folder.assetcatalog; path = "Preview Assets.xcassets"; sourceTree = "<group>"; };
		3DB1B12229FFB0C4008548D4 /* networkingTests.xctest */ = {isa = PBXFileReference; explicitFileType = wrapper.cfbundle; includeInIndex = 0; path = networkingTests.xctest; sourceTree = BUILT_PRODUCTS_DIR; };
		3DB1B12629FFB0C4008548D4 /* networkingTests.swift */ = {isa = PBXFileReference; lastKnownFileType = sourcecode.swift; path = networkingTests.swift; sourceTree = "<group>"; };
		3DB1B12C29FFB0C4008548D4 /* networkingUITests.xctest */ = {isa = PBXFileReference; explicitFileType = wrapper.cfbundle; includeInIndex = 0; path = networkingUITests.xctest; sourceTree = BUILT_PRODUCTS_DIR; };
		3DB1B13029FFB0C4008548D4 /* networkingUITests.swift */ = {isa = PBXFileReference; lastKnownFileType = sourcecode.swift; path = networkingUITests.swift; sourceTree = "<group>"; };
		3DB1B13229FFB0C4008548D4 /* networkingUITestsLaunchTests.swift */ = {isa = PBXFileReference; lastKnownFileType = sourcecode.swift; path = networkingUITestsLaunchTests.swift; sourceTree = "<group>"; };
/* End PBXFileReference section */

/* Begin PBXFrameworksBuildPhase section */
		3DB1B10F29FFB0C3008548D4 /* Frameworks */ = {
			isa = PBXFrameworksBuildPhase;
			buildActionMask = 2147483647;
			files = (
			);
			runOnlyForDeploymentPostprocessing = 0;
		};
		3DB1B11F29FFB0C4008548D4 /* Frameworks */ = {
			isa = PBXFrameworksBuildPhase;
			buildActionMask = 2147483647;
			files = (
			);
			runOnlyForDeploymentPostprocessing = 0;
		};
		3DB1B12929FFB0C4008548D4 /* Frameworks */ = {
			isa = PBXFrameworksBuildPhase;
			buildActionMask = 2147483647;
			files = (
			);
			runOnlyForDeploymentPostprocessing = 0;
		};
/* End PBXFrameworksBuildPhase section */

/* Begin PBXGroup section */
		3DB1B10929FFB0C3008548D4 = {
			isa = PBXGroup;
			children = (
				3DB1B11429FFB0C3008548D4 /* networking */,
				3DB1B12529FFB0C4008548D4 /* networkingTests */,
				3DB1B12F29FFB0C4008548D4 /* networkingUITests */,
				3DB1B11329FFB0C3008548D4 /* Products */,
			);
			sourceTree = "<group>";
		};
		3DB1B11329FFB0C3008548D4 /* Products */ = {
			isa = PBXGroup;
			children = (
				3DB1B11229FFB0C3008548D4 /* networking.app */,
				3DB1B12229FFB0C4008548D4 /* networkingTests.xctest */,
				3DB1B12C29FFB0C4008548D4 /* networkingUITests.xctest */,
			);
			name = Products;
			sourceTree = "<group>";
		};
		3DB1B11429FFB0C3008548D4 /* networking */ = {
			isa = PBXGroup;
			children = (
				3DB1B11529FFB0C3008548D4 /* networkingApp.swift */,
				3DB1B11729FFB0C3008548D4 /* ContentView.swift */,
				3DB1B11929FFB0C4008548D4 /* Assets.xcassets */,
				3DB1B11B29FFB0C4008548D4 /* Preview Content */,
			);
			path = networking;
			sourceTree = "<group>";
		};
		3DB1B11B29FFB0C4008548D4 /* Preview Content */ = {
			isa = PBXGroup;
			children = (
				3DB1B11C29FFB0C4008548D4 /* Preview Assets.xcassets */,
			);
			path = "Preview Content";
			sourceTree = "<group>";
		};
		3DB1B12529FFB0C4008548D4 /* networkingTests */ = {
			isa = PBXGroup;
			children = (
				3DB1B12629FFB0C4008548D4 /* networkingTests.swift */,
			);
			path = networkingTests;
			sourceTree = "<group>";
		};
		3DB1B12F29FFB0C4008548D4 /* networkingUITests */ = {
			isa = PBXGroup;
			children = (
				3DB1B13029FFB0C4008548D4 /* networkingUITests.swift */,
				3DB1B13229FFB0C4008548D4 /* networkingUITestsLaunchTests.swift */,
			);
			path = networkingUITests;
			sourceTree = "<group>";
		};
/* End PBXGroup section */

/* Begin PBXNativeTarget section */
		3DB1B11129FFB0C3008548D4 /* networking */ = {
			isa = PBXNativeTarget;
			buildConfigurationList = 3DB1B13629FFB0C4008548D4 /* Build configuration list for PBXNativeTarget "networking" */;
			buildPhases = (
				3DB1B10E29FFB0C3008548D4 /* Sources */,
				3DB1B10F29FFB0C3008548D4 /* Frameworks */,
				3DB1B11029FFB0C3008548D4 /* Resources */,
			);
			buildRules = (
			);
			dependencies = (
			);
			name = networking;
			productName = networking;
			productReference = 3DB1B11229FFB0C3008548D4 /* networking.app */;
			productType = "com.apple.product-type.application";
		};
		3DB1B12129FFB0C4008548D4 /* networkingTests */ = {
			isa = PBXNativeTarget;
			buildConfigurationList = 3DB1B13929FFB0C4008548D4 /* Build configuration list for PBXNativeTarget "networkingTests" */;
			buildPhases = (
				3DB1B11E29FFB0C4008548D4 /* Sources */,
				3DB1B11F29FFB0C4008548D4 /* Frameworks */,
				3DB1B12029FFB0C4008548D4 /* Resources */,
			);
			buildRules = (
			);
			dependencies = (
				3DB1B12429FFB0C4008548D4 /* PBXTargetDependency */,
			);
			name = networkingTests;
			productName = networkingTests;
			productReference = 3DB1B12229FFB0C4008548D4 /* networkingTests.xctest */;
			productType = "com.apple.product-type.bundle.unit-test";
		};
		3DB1B12B29FFB0C4008548D4 /* networkingUITests */ = {
			isa = PBXNativeTarget;
			buildConfigurationList = 3DB1B13C29FFB0C4008548D4 /* Build configuration list for PBXNativeTarget "networkingUITests" */;
			buildPhases = (
				3DB1B12829FFB0C4008548D4 /* Sources */,
				3DB1B12929FFB0C4008548D4 /* Frameworks */,
				3DB1B12A29FFB0C4008548D4 /* Resources */,
			);
			buildRules = (
			);
			dependencies = (
				3DB1B12E29FFB0C4008548D4 /* PBXTargetDependency */,
			);
			name = networkingUITests;
			productName = networkingUITests;
			productReference = 3DB1B12C29FFB0C4008548D4 /* networkingUITests.xctest */;
			productType = "com.apple.product-type.bundle.ui-testing";
		};
/* End PBXNativeTarget section */

/* Begin PBXProject section */
		3DB1B10A29FFB0C3008548D4 /* Project object */ = {
			isa = PBXProject;
			attributes = {
				BuildIndependentTargetsInParallel = 1;
				LastSwiftUpdateCheck = 1430;
				LastUpgradeCheck = 1430;
				TargetAttributes = {
					3DB1B11129FFB0C3008548D4 = {
						CreatedOnToolsVersion = 14.3;
					};
					3DB1B12129FFB0C4008548D4 = {
						CreatedOnToolsVersion = 14.3;
						TestTargetID = 3DB1B11129FFB0C3008548D4;
					};
					3DB1B12B29FFB0C4008548D4 = {
						CreatedOnToolsVersion = 14.3;
						TestTargetID = 3DB1B11129FFB0C3008548D4;
					};
				};
			};
			buildConfigurationList = 3DB1B10D29FFB0C3008548D4 /* Build configuration list for PBXProject "networking" */;
			compatibilityVersion = "Xcode 14.0";
			developmentRegion = en;
			hasScannedForEncodings = 0;
			knownRegions = (
				en,
				Base,
			);
			mainGroup = 3DB1B10929FFB0C3008548D4;
			productRefGroup = 3DB1B11329FFB0C3008548D4 /* Products */;
			projectDirPath = "";
			projectRoot = "";
			targets = (
				3DB1B11129FFB0C3008548D4 /* networking */,
				3DB1B12129FFB0C4008548D4 /* networkingTests */,
				3DB1B12B29FFB0C4008548D4 /* networkingUITests */,
			);
		};
/* End PBXProject section */

/* Begin PBXResourcesBuildPhase section */
		3DB1B11029FFB0C3008548D4 /* Resources */ = {
			isa = PBXResourcesBuildPhase;
			buildActionMask = 2147483647;
			files = (
				3DB1B11D29FFB0C4008548D4 /* Preview Assets.xcassets in Resources */,
				3DB1B11A29FFB0C4008548D4 /* Assets.xcassets in Resources */,
			);
			runOnlyForDeploymentPostprocessing = 0;
		};
		3DB1B12029FFB0C4008548D4 /* Resources */ = {
			isa = PBXResourcesBuildPhase;
			buildActionMask = 2147483647;
			files = (
			);
			runOnlyForDeploymentPostprocessing = 0;
		};
		3DB1B12A29FFB0C4008548D4 /* Resources */ = {
			isa = PBXResourcesBuildPhase;
			buildActionMask = 2147483647;
			files = (
			);
			runOnlyForDeploymentPostprocessing = 0;
		};
/* End PBXResourcesBuildPhase section */

/* Begin PBXSourcesBuildPhase section */
		3DB1B10E29FFB0C3008548D4 /* Sources */ = {
			isa = PBXSourcesBuildPhase;
			buildActionMask = 2147483647;
			files = (
				3DB1B11829FFB0C3008548D4 /* ContentView.swift in Sources */,
				3DB1B11629FFB0C3008548D4 /* networkingApp.swift in Sources */,
			);
			runOnlyForDeploymentPostprocessing = 0;
		};
		3DB1B11E29FFB0C4008548D4 /* Sources */ = {
			isa = PBXSourcesBuildPhase;
			buildActionMask = 2147483647;
			files = (
				3DB1B12729FFB0C4008548D4 /* networkingTests.swift in Sources */,
			);
			runOnlyForDeploymentPostprocessing = 0;
		};
		3DB1B12829FFB0C4008548D4 /* Sources */ = {
			isa = PBXSourcesBuildPhase;
			buildActionMask = 2147483647;
			files = (
				3DB1B13329FFB0C4008548D4 /* networkingUITestsLaunchTests.swift in Sources */,
				3DB1B13129FFB0C4008548D4 /* networkingUITests.swift in Sources */,
			);
			runOnlyForDeploymentPostprocessing = 0;
		};
/* End PBXSourcesBuildPhase section */

/* Begin PBXTargetDependency section */
		3DB1B12429FFB0C4008548D4 /* PBXTargetDependency */ = {
			isa = PBXTargetDependency;
			target = 3DB1B11129FFB0C3008548D4 /* networking */;
			targetProxy = 3DB1B12329FFB0C4008548D4 /* PBXContainerItemProxy */;
		};
		3DB1B12E29FFB0C4008548D4 /* PBXTargetDependency */ = {
			isa = PBXTargetDependency;
			target = 3DB1B11129FFB0C3008548D4 /* networking */;
			targetProxy = 3DB1B12D29FFB0C4008548D4 /* PBXContainerItemProxy */;
		};
/* End PBXTargetDependency section */

/* Begin XCBuildConfiguration section */
		3DB1B13429FFB0C4008548D4 /* Debug */ = {
			isa = XCBuildConfiguration;
			buildSettings = {
				ALWAYS_SEARCH_USER_PATHS = NO;
				CLANG_ANALYZER_NONNULL = YES;
				CLANG_ANALYZER_NUMBER_OBJECT_CONVERSION = YES_AGGRESSIVE;
				CLANG_CXX_LANGUAGE_STANDARD = "gnu++20";
				CLANG_ENABLE_MODULES = YES;
				CLANG_ENABLE_OBJC_ARC = YES;
				CLANG_ENABLE_OBJC_WEAK = YES;
				CLANG_WARN_BLOCK_CAPTURE_AUTORELEASING = YES;
				CLANG_WARN_BOOL_CONVERSION = YES;
				CLANG_WARN_COMMA = YES;
				CLANG_WARN_CONSTANT_CONVERSION = YES;
				CLANG_WARN_DEPRECATED_OBJC_IMPLEMENTATIONS = YES;
				CLANG_WARN_DIRECT_OBJC_ISA_USAGE = YES_ERROR;
				CLANG_WARN_DOCUMENTATION_COMMENTS = YES;
				CLANG_WARN_EMPTY_BODY = YES;
				CLANG_WARN_ENUM_CONVERSION = YES;
				CLANG_WARN_INFINITE_RECURSION = YES;
				CLANG_WARN_INT_CONVERSION = YES;
				CLANG_WARN_NON_LITERAL_NULL_CONVERSION = YES;
				CLANG_WARN_OBJC_IMPLICIT_RETAIN_SELF = YES;
				CLANG_WARN_OBJC_LITERAL_CONVERSION = YES;
				CLANG_WARN_OBJC_ROOT_CLASS = YES_ERROR;
				CLANG_WARN_QUOTED_INCLUDE_IN_FRAMEWORK_HEADER = YES;
				CLANG_WARN_RANGE_LOOP_ANALYSIS = YES;
				CLANG_WARN_STRICT_PROTOTYPES = YES;
				CLANG_WARN_SUSPICIOUS_MOVE = YES;
				CLANG_WARN_UNGUARDED_AVAILABILITY = YES_AGGRESSIVE;
				CLANG_WARN_UNREACHABLE_CODE = YES;
				CLANG_WARN__DUPLICATE_METHOD_MATCH = YES;
				COPY_PHASE_STRIP = NO;
				DEBUG_INFORMATION_FORMAT = dwarf;
				ENABLE_STRICT_OBJC_MSGSEND = YES;
				ENABLE_TESTABILITY = YES;
				GCC_C_LANGUAGE_STANDARD = gnu11;
				GCC_DYNAMIC_NO_PIC = NO;
				GCC_NO_COMMON_BLOCKS = YES;
				GCC_OPTIMIZATION_LEVEL = 0;
				GCC_PREPROCESSOR_DEFINITIONS = (
					"DEBUG=1",
					"$(inherited)",
				);
				GCC_WARN_64_TO_32_BIT_CONVERSION = YES;
				GCC_WARN_ABOUT_RETURN_TYPE = YES_ERROR;
				GCC_WARN_UNDECLARED_SELECTOR = YES;
				GCC_WARN_UNINITIALIZED_AUTOS = YES_AGGRESSIVE;
				GCC_WARN_UNUSED_FUNCTION = YES;
				GCC_WARN_UNUSED_VARIABLE = YES;
				IPHONEOS_DEPLOYMENT_TARGET = 16.4;
				MTL_ENABLE_DEBUG_INFO = INCLUDE_SOURCE;
				MTL_FAST_MATH = YES;
				ONLY_ACTIVE_ARCH = YES;
				SDKROOT = iphoneos;
				SWIFT_ACTIVE_COMPILATION_CONDITIONS = DEBUG;
				SWIFT_OPTIMIZATION_LEVEL = "-Onone";
			};
			name = Debug;
		};
		3DB1B13529FFB0C4008548D4 /* Release */ = {
			isa = XCBuildConfiguration;
			buildSettings = {
				ALWAYS_SEARCH_USER_PATHS = NO;
				CLANG_ANALYZER_NONNULL = YES;
				CLANG_ANALYZER_NUMBER_OBJECT_CONVERSION = YES_AGGRESSIVE;
				CLANG_CXX_LANGUAGE_STANDARD = "gnu++20";
				CLANG_ENABLE_MODULES = YES;
				CLANG_ENABLE_OBJC_ARC = YES;
				CLANG_ENABLE_OBJC_WEAK = YES;
				CLANG_WARN_BLOCK_CAPTURE_AUTORELEASING = YES;
				CLANG_WARN_BOOL_CONVERSION = YES;
				CLANG_WARN_COMMA = YES;
				CLANG_WARN_CONSTANT_CONVERSION = YES;
				CLANG_WARN_DEPRECATED_OBJC_IMPLEMENTATIONS = YES;
				CLANG_WARN_DIRECT_OBJC_ISA_USAGE = YES_ERROR;
				CLANG_WARN_DOCUMENTATION_COMMENTS = YES;
				CLANG_WARN_EMPTY_BODY = YES;
				CLANG_WARN_ENUM_CONVERSION = YES;
				CLANG_WARN_INFINITE_RECURSION = YES;
				CLANG_WARN_INT_CONVERSION = YES;
				CLANG_WARN_NON_LITERAL_NULL_CONVERSION = YES;
				CLANG_WARN_OBJC_IMPLICIT_RETAIN_SELF = YES;
				CLANG_WARN_OBJC_LITERAL_CONVERSION = YES;
				CLANG_WARN_OBJC_ROOT_CLASS = YES_ERROR;
				CLANG_WARN_QUOTED_INCLUDE_IN_FRAMEWORK_HEADER = YES;
				CLANG_WARN_RANGE_LOOP_ANALYSIS = YES;
				CLANG_WARN_STRICT_PROTOTYPES = YES;
				CLANG_WARN_SUSPICIOUS_MOVE = YES;
				CLANG_WARN_UNGUARDED_AVAILABILITY = YES_AGGRESSIVE;
				CLANG_WARN_UNREACHABLE_CODE = YES;
				CLANG_WARN__DUPLICATE_METHOD_MATCH = YES;
				COPY_PHASE_STRIP = NO;
				DEBUG_INFORMATION_FORMAT = "dwarf-with-dsym";
				ENABLE_NS_ASSERTIONS = NO;
				ENABLE_STRICT_OBJC_MSGSEND = YES;
				GCC_C_LANGUAGE_STANDARD = gnu11;
				GCC_NO_COMMON_BLOCKS = YES;
				GCC_WARN_64_TO_32_BIT_CONVERSION = YES;
				GCC_WARN_ABOUT_RETURN_TYPE = YES_ERROR;
				GCC_WARN_UNDECLARED_SELECTOR = YES;
				GCC_WARN_UNINITIALIZED_AUTOS = YES_AGGRESSIVE;
				GCC_WARN_UNUSED_FUNCTION = YES;
				GCC_WARN_UNUSED_VARIABLE = YES;
				IPHONEOS_DEPLOYMENT_TARGET = 16.4;
				MTL_ENABLE_DEBUG_INFO = NO;
				MTL_FAST_MATH = YES;
				SDKROOT = iphoneos;
				SWIFT_COMPILATION_MODE = wholemodule;
				SWIFT_OPTIMIZATION_LEVEL = "-O";
				VALIDATE_PRODUCT = YES;
			};
			name = Release;
		};
		3DB1B13729FFB0C4008548D4 /* Debug */ = {
			isa = XCBuildConfiguration;
			buildSettings = {
				ASSETCATALOG_COMPILER_APPICON_NAME = AppIcon;
				ASSETCATALOG_COMPILER_GLOBAL_ACCENT_COLOR_NAME = AccentColor;
				CODE_SIGN_STYLE = Automatic;
				CURRENT_PROJECT_VERSION = 1;
				DEVELOPMENT_ASSET_PATHS = "\"networking/Preview Content\"";
				DEVELOPMENT_TEAM = SL44Q4N53D;
				ENABLE_PREVIEWS = YES;
				GENERATE_INFOPLIST_FILE = YES;
				INFOPLIST_KEY_UIApplicationSceneManifest_Generation = YES;
				INFOPLIST_KEY_UIApplicationSupportsIndirectInputEvents = YES;
				INFOPLIST_KEY_UILaunchScreen_Generation = YES;
				INFOPLIST_KEY_UISupportedInterfaceOrientations_iPad = "UIInterfaceOrientationPortrait UIInterfaceOrientationPortraitUpsideDown UIInterfaceOrientationLandscapeLeft UIInterfaceOrientationLandscapeRight";
				INFOPLIST_KEY_UISupportedInterfaceOrientations_iPhone = "UIInterfaceOrientationPortrait UIInterfaceOrientationLandscapeLeft UIInterfaceOrientationLandscapeRight";
				LD_RUNPATH_SEARCH_PATHS = (
					"$(inherited)",
					"@executable_path/Frameworks",
				);
				MARKETING_VERSION = 1.0;
				PRODUCT_BUNDLE_IDENTIFIER = com.pythonanywhere.eu.janprikryl.networking;
				PRODUCT_NAME = "$(TARGET_NAME)";
				SWIFT_EMIT_LOC_STRINGS = YES;
				SWIFT_VERSION = 5.0;
				TARGETED_DEVICE_FAMILY = "1,2";
			};
			name = Debug;
		};
		3DB1B13829FFB0C4008548D4 /* Release */ = {
			isa = XCBuildConfiguration;
			buildSettings = {
				ASSETCATALOG_COMPILER_APPICON_NAME = AppIcon;
				ASSETCATALOG_COMPILER_GLOBAL_ACCENT_COLOR_NAME = AccentColor;
				CODE_SIGN_STYLE = Automatic;
				CURRENT_PROJECT_VERSION = 1;
				DEVELOPMENT_ASSET_PATHS = "\"networking/Preview Content\"";
				DEVELOPMENT_TEAM = SL44Q4N53D;
				ENABLE_PREVIEWS = YES;
				GENERATE_INFOPLIST_FILE = YES;
				INFOPLIST_KEY_UIApplicationSceneManifest_Generation = YES;
				INFOPLIST_KEY_UIApplicationSupportsIndirectInputEvents = YES;
				INFOPLIST_KEY_UILaunchScreen_Generation = YES;
				INFOPLIST_KEY_UISupportedInterfaceOrientations_iPad = "UIInterfaceOrientationPortrait UIInterfaceOrientationPortraitUpsideDown UIInterfaceOrientationLandscapeLeft UIInterfaceOrientationLandscapeRight";
				INFOPLIST_KEY_UISupportedInterfaceOrientations_iPhone = "UIInterfaceOrientationPortrait UIInterfaceOrientationLandscapeLeft UIInterfaceOrientationLandscapeRight";
				LD_RUNPATH_SEARCH_PATHS = (
					"$(inherited)",
					"@executable_path/Frameworks",
				);
				MARKETING_VERSION = 1.0;
				PRODUCT_BUNDLE_IDENTIFIER = com.pythonanywhere.eu.janprikryl.networking;
				PRODUCT_NAME = "$(TARGET_NAME)";
				SWIFT_EMIT_LOC_STRINGS = YES;
				SWIFT_VERSION = 5.0;
				TARGETED_DEVICE_FAMILY = "1,2";
			};
			name = Release;
		};
		3DB1B13A29FFB0C4008548D4 /* Debug */ = {
			isa = XCBuildConfiguration;
			buildSettings = {
				ALWAYS_EMBED_SWIFT_STANDARD_LIBRARIES = YES;
				BUNDLE_LOADER = "$(TEST_HOST)";
				CODE_SIGN_STYLE = Automatic;
				CURRENT_PROJECT_VERSION = 1;
				DEVELOPMENT_TEAM = SL44Q4N53D;
				GENERATE_INFOPLIST_FILE = YES;
				IPHONEOS_DEPLOYMENT_TARGET = 16.4;
				MARKETING_VERSION = 1.0;
				PRODUCT_BUNDLE_IDENTIFIER = com.pythonanywhere.eu.janprikryl.networkingTests;
				PRODUCT_NAME = "$(TARGET_NAME)";
				SWIFT_EMIT_LOC_STRINGS = NO;
				SWIFT_VERSION = 5.0;
				TARGETED_DEVICE_FAMILY = "1,2";
				TEST_HOST = "$(BUILT_PRODUCTS_DIR)/networking.app/$(BUNDLE_EXECUTABLE_FOLDER_PATH)/networking";
			};
			name = Debug;
		};
		3DB1B13B29FFB0C4008548D4 /* Release */ = {
			isa = XCBuildConfiguration;
			buildSettings = {
				ALWAYS_EMBED_SWIFT_STANDARD_LIBRARIES = YES;
				BUNDLE_LOADER = "$(TEST_HOST)";
				CODE_SIGN_STYLE = Automatic;
				CURRENT_PROJECT_VERSION = 1;
				DEVELOPMENT_TEAM = SL44Q4N53D;
				GENERATE_INFOPLIST_FILE = YES;
				IPHONEOS_DEPLOYMENT_TARGET = 16.4;
				MARKETING_VERSION = 1.0;
				PRODUCT_BUNDLE_IDENTIFIER = com.pythonanywhere.eu.janprikryl.networkingTests;
				PRODUCT_NAME = "$(TARGET_NAME)";
				SWIFT_EMIT_LOC_STRINGS = NO;
				SWIFT_VERSION = 5.0;
				TARGETED_DEVICE_FAMILY = "1,2";
				TEST_HOST = "$(BUILT_PRODUCTS_DIR)/networking.app/$(BUNDLE_EXECUTABLE_FOLDER_PATH)/networking";
			};
			name = Release;
		};
		3DB1B13D29FFB0C4008548D4 /* Debug */ = {
			isa = XCBuildConfiguration;
			buildSettings = {
				ALWAYS_EMBED_SWIFT_STANDARD_LIBRARIES = YES;
				CODE_SIGN_STYLE = Automatic;
				CURRENT_PROJECT_VERSION = 1;
				DEVELOPMENT_TEAM = SL44Q4N53D;
				GENERATE_INFOPLIST_FILE = YES;
				MARKETING_VERSION = 1.0;
				PRODUCT_BUNDLE_IDENTIFIER = com.pythonanywhere.eu.janprikryl.networkingUITests;
				PRODUCT_NAME = "$(TARGET_NAME)";
				SWIFT_EMIT_LOC_STRINGS = NO;
				SWIFT_VERSION = 5.0;
				TARGETED_DEVICE_FAMILY = "1,2";
				TEST_TARGET_NAME = networking;
			};
			name = Debug;
		};
		3DB1B13E29FFB0C4008548D4 /* Release */ = {
			isa = XCBuildConfiguration;
			buildSettings = {
				ALWAYS_EMBED_SWIFT_STANDARD_LIBRARIES = YES;
				CODE_SIGN_STYLE = Automatic;
				CURRENT_PROJECT_VERSION = 1;
				DEVELOPMENT_TEAM = SL44Q4N53D;
				GENERATE_INFOPLIST_FILE = YES;
				MARKETING_VERSION = 1.0;
				PRODUCT_BUNDLE_IDENTIFIER = com.pythonanywhere.eu.janprikryl.networkingUITests;
				PRODUCT_NAME = "$(TARGET_NAME)";
				SWIFT_EMIT_LOC_STRINGS = NO;
				SWIFT_VERSION = 5.0;
				TARGETED_DEVICE_FAMILY = "1,2";
				TEST_TARGET_NAME = networking;
			};
			name = Release;
		};
/* End XCBuildConfiguration section */

/* Begin XCConfigurationList section */
		3DB1B10D29FFB0C3008548D4 /* Build configuration list for PBXProject "networking" */ = {
			isa = XCConfigurationList;
			buildConfigurations = (
				3DB1B13429FFB0C4008548D4 /* Debug */,
				3DB1B13529FFB0C4008548D4 /* Release */,
			);
			defaultConfigurationIsVisible = 0;
			defaultConfigurationName = Release;
		};
		3DB1B13629FFB0C4008548D4 /* Build configuration list for PBXNativeTarget "networking" */ = {
			isa = XCConfigurationList;
			buildConfigurations = (
				3DB1B13729FFB0C4008548D4 /* Debug */,
				3DB1B13829FFB0C4008548D4 /* Release */,
			);
			defaultConfigurationIsVisible = 0;
			defaultConfigurationName = Release;
		};
		3DB1B13929FFB0C4008548D4 /* Build configuration list for PBXNativeTarget "networkingTests" */ = {
			isa = XCConfigurationList;
			buildConfigurations = (
				3DB1B13A29FFB0C4008548D4 /* Debug */,
				3DB1B13B29FFB0C4008548D4 /* Release */,
			);
			defaultConfigurationIsVisible = 0;
			defaultConfigurationName = Release;
		};
		3DB1B13C29FFB0C4008548D4 /* Build configuration list for PBXNativeTarget "networkingUITests" */ = {
			isa = XCConfigurationList;
			buildConfigurations = (
				3DB1B13D29FFB0C4008548D4 /* Debug */,
				3DB1B13E29FFB0C4008548D4 /* Release */,
			);
			defaultConfigurationIsVisible = 0;
			defaultConfigurationName = Release;
		};
/* End XCConfigurationList section */
	};
	rootObject = 3DB1B10A29FFB0C3008548D4 /* Project object */;
}
